
Microsoft Visual Studio Solution File, Format Version 12.00
# Visual Studio Version 17
VisualStudioVersion = 17.13.35931.197 d17.13
MinimumVisualStudioVersion = 10.0.40219.1
Project("{FAE04EC0-301F-11D3-BF4B-00C04F79EFBC}") = "Programa_Bioquim", "Programa_Bioquim\Programa_Bioquim.csproj", "{AA57B291-707B-4F1C-A453-DD355B11812D}"
EndProject
Global
	GlobalSection(SolutionConfigurationPlatforms) = preSolution
		Debug|Any CPU = Debug|Any CPU
		Release|Any CPU = Release|Any CPU
	EndGlobalSection
	GlobalSection(ProjectConfigurationPlatforms) = postSolution
		{AA57B291-707B-4F1C-A453-DD355B11812D}.Debug|Any CPU.ActiveCfg = Debug|Any CPU
		{AA57B291-707B-4F1C-A453-DD355B11812D}.Debug|Any CPU.Build.0 = Debug|Any CPU
		{AA57B291-707B-4F1C-A453-DD355B11812D}.Release|Any CPU.ActiveCfg = Release|Any CPU
		{AA57B291-707B-4F1C-A453-DD355B11812D}.Release|Any CPU.Build.0 = Release|Any CPU
	EndGlobalSection
	GlobalSection(SolutionProperties) = preSolution
		HideSolutionNode = FALSE
	EndGlobalSection
	GlobalSection(ExtensibilityGlobals) = postSolution
		SolutionGuid = {21BC758A-AA15-4D46-A988-C3E0337267AD}
	EndGlobalSection
EndGlobal
